
Microsoft Visual Studio Solution File, Format Version 12.00
# Visual Studio Version 17
VisualStudioVersion = 17.0.31903.59
MinimumVisualStudioVersion = 10.0.40219.1
Project("{2150E333-8FDC-42A3-9474-1A3956D46DE8}") = "src", "src", "{C3ED41CD-FC7F-46A7-A34E-58E9A5ACF2A6}"
EndProject
Project("{FAE04EC0-301F-11D3-BF4B-00C04F79EFBC}") = "WebDAVService", "src\WebDAVService\WebDAVService.csproj", "{718421D2-0B13-41B3-8C5A-4DCE8E9CAB3E}"
EndProject
Project("{FAE04EC0-301F-11D3-BF4B-00C04F79EFBC}") = "WebDAVConfigurator", "src\WebDAVConfigurator\WebDAVConfigurator.csproj", "{1CC04928-46F4-4964-AE31-88DEA81CD755}"
EndProject
Global
	GlobalSection(SolutionConfigurationPlatforms) = preSolution
		Debug|Any CPU = Debug|Any CPU
		Release|Any CPU = Release|Any CPU
	EndGlobalSection
	GlobalSection(SolutionProperties) = preSolution
		HideSolutionNode = FALSE
	EndGlobalSection
	GlobalSection(ProjectConfigurationPlatforms) = postSolution
		{718421D2-0B13-41B3-8C5A-4DCE8E9CAB3E}.Debug|Any CPU.ActiveCfg = Debug|Any CPU
		{718421D2-0B13-41B3-8C5A-4DCE8E9CAB3E}.Debug|Any CPU.Build.0 = Debug|Any CPU
		{718421D2-0B13-41B3-8C5A-4DCE8E9CAB3E}.Release|Any CPU.ActiveCfg = Release|Any CPU
		{718421D2-0B13-41B3-8C5A-4DCE8E9CAB3E}.Release|Any CPU.Build.0 = Release|Any CPU
		{1CC04928-46F4-4964-AE31-88DEA81CD755}.Debug|Any CPU.ActiveCfg = Debug|Any CPU
		{1CC04928-46F4-4964-AE31-88DEA81CD755}.Debug|Any CPU.Build.0 = Debug|Any CPU
		{1CC04928-46F4-4964-AE31-88DEA81CD755}.Release|Any CPU.ActiveCfg = Release|Any CPU
		{1CC04928-46F4-4964-AE31-88DEA81CD755}.Release|Any CPU.Build.0 = Release|Any CPU
	EndGlobalSection
	GlobalSection(NestedProjects) = preSolution
		{718421D2-0B13-41B3-8C5A-4DCE8E9CAB3E} = {C3ED41CD-FC7F-46A7-A34E-58E9A5ACF2A6}
		{1CC04928-46F4-4964-AE31-88DEA81CD755} = {C3ED41CD-FC7F-46A7-A34E-58E9A5ACF2A6}
	EndGlobalSection
EndGlobal
